
Microsoft Visual Studio Solution File, Format Version 12.00
# Visual Studio Version 16
VisualStudioVersion = 16.0.31112.23
MinimumVisualStudioVersion = 10.0.40219.1
Project("{FAE04EC0-301F-11D3-BF4B-00C04F79EFBC}") = "EditorHTML", "EditorHTML\EditorHTML.csproj", "{833AA8DC-A7C6-4EEE-BA38-D197EF072E43}"
EndProject
Global
	GlobalSection(SolutionConfigurationPlatforms) = preSolution
		Debug|Any CPU = Debug|Any CPU
		Release|Any CPU = Release|Any CPU
	EndGlobalSection
	GlobalSection(ProjectConfigurationPlatforms) = postSolution
		{833AA8DC-A7C6-4EEE-BA38-D197EF072E43}.Debug|Any CPU.ActiveCfg = Debug|Any CPU
		{833AA8DC-A7C6-4EEE-BA38-D197EF072E43}.Debug|Any CPU.Build.0 = Debug|Any CPU
		{833AA8DC-A7C6-4EEE-BA38-D197EF072E43}.Release|Any CPU.ActiveCfg = Release|Any CPU
		{833AA8DC-A7C6-4EEE-BA38-D197EF072E43}.Release|Any CPU.Build.0 = Release|Any CPU
	EndGlobalSection
	GlobalSection(SolutionProperties) = preSolution
		HideSolutionNode = FALSE
	EndGlobalSection
	GlobalSection(ExtensibilityGlobals) = postSolution
		SolutionGuid = {7224F35E-2F2E-4D93-9E6A-B4F4092A8958}
	EndGlobalSection
EndGlobal
